
Microsoft Visual Studio Solution File, Format Version 12.00
# Visual Studio Version 16
VisualStudioVersion = 16.0.30503.244
MinimumVisualStudioVersion = 10.0.40219.1
Project("{9A19103F-16F7-4668-BE54-9A1E7A4F7556}") = "IDRTestTask", "IDRTestTask.csproj", "{5F3F36E8-04AB-47A0-8B20-DC4ABDC26B6B}"
EndProject
Global
	GlobalSection(SolutionConfigurationPlatforms) = preSolution
		Debug|Any CPU = Debug|Any CPU
		Release|Any CPU = Release|Any CPU
	EndGlobalSection
	GlobalSection(ProjectConfigurationPlatforms) = postSolution
		{5F3F36E8-04AB-47A0-8B20-DC4ABDC26B6B}.Debug|Any CPU.ActiveCfg = Debug|Any CPU
		{5F3F36E8-04AB-47A0-8B20-DC4ABDC26B6B}.Debug|Any CPU.Build.0 = Debug|Any CPU
		{5F3F36E8-04AB-47A0-8B20-DC4ABDC26B6B}.Release|Any CPU.ActiveCfg = Release|Any CPU
		{5F3F36E8-04AB-47A0-8B20-DC4ABDC26B6B}.Release|Any CPU.Build.0 = Release|Any CPU
	EndGlobalSection
	GlobalSection(SolutionProperties) = preSolution
		HideSolutionNode = FALSE
	EndGlobalSection
	GlobalSection(ExtensibilityGlobals) = postSolution
		SolutionGuid = {75774A39-AF93-42FA-A839-310343F3835F}
	EndGlobalSection
EndGlobal
